Microsoft Visual Studio Solution File, Format Version 11.00
# Visual Studio 2008

Project("{49B0B401-F879-6258-4850-E33A0A5AD1EE}") = "zomVR10_25", "Assembly-CSharp-firstpass.csproj", "{C7EF004D-5F8A-07E6-09E9-DAD677B37415}"
EndProject
Project("{49B0B401-F879-6258-4850-E33A0A5AD1EE}") = "zomVR10_25", "Assembly-CSharp.csproj", "{725FDA89-707A-187D-B0F4-58EDB7C18427}"
EndProject
Project("{49B0B401-F879-6258-4850-E33A0A5AD1EE}") = "zomVR10_25", "Assembly-CSharp-Editor-firstpass.csproj", "{6489BE9F-AF33-6E23-5263-BEF9517B115D}"
EndProject
Project("{49B0B401-F879-6258-4850-E33A0A5AD1EE}") = "zomVR10_25", "Assembly-CSharp-Editor.csproj", "{39566699-0722-69D3-952E-7DEF291A0236}"
EndProject
Project("{49B0B401-F879-6258-4850-E33A0A5AD1EE}") = "zomVR10_25", "Assembly-UnityScript-firstpass.unityproj", "{1D07E781-010E-4B9F-FDE1-4E3F68DF95FD}"
EndProject
Project("{49B0B401-F879-6258-4850-E33A0A5AD1EE}") = "zomVR10_25", "Assembly-UnityScript.unityproj", "{D5148967-8E1D-17A0-651C-F8C7E3791486}"
EndProject
Project("{49B0B401-F879-6258-4850-E33A0A5AD1EE}") = "zomVR10_25", "Assembly-UnityScript-Editor-firstpass.unityproj", "{0EBF6465-B433-D866-D23D-FB778C77D959}"
EndProject
Global
	GlobalSection(SolutionConfigurationPlatforms) = preSolution
		Debug|Any CPU = Debug|Any CPU
		Release|Any CPU = Release|Any CPU
	EndGlobalSection
	GlobalSection(ProjectConfigurationPlatforms) = postSolution
		{C7EF004D-5F8A-07E6-09E9-DAD677B37415}.Debug|Any CPU.ActiveCfg = Debug|Any CPU
		{C7EF004D-5F8A-07E6-09E9-DAD677B37415}.Debug|Any CPU.Build.0 = Debug|Any CPU
		{C7EF004D-5F8A-07E6-09E9-DAD677B37415}.Release|Any CPU.ActiveCfg = Release|Any CPU
		{C7EF004D-5F8A-07E6-09E9-DAD677B37415}.Release|Any CPU.Build.0 = Release|Any CPU
		{725FDA89-707A-187D-B0F4-58EDB7C18427}.Debug|Any CPU.ActiveCfg = Debug|Any CPU
		{725FDA89-707A-187D-B0F4-58EDB7C18427}.Debug|Any CPU.Build.0 = Debug|Any CPU
		{725FDA89-707A-187D-B0F4-58EDB7C18427}.Release|Any CPU.ActiveCfg = Release|Any CPU
		{725FDA89-707A-187D-B0F4-58EDB7C18427}.Release|Any CPU.Build.0 = Release|Any CPU
		{6489BE9F-AF33-6E23-5263-BEF9517B115D}.Debug|Any CPU.ActiveCfg = Debug|Any CPU
		{6489BE9F-AF33-6E23-5263-BEF9517B115D}.Debug|Any CPU.Build.0 = Debug|Any CPU
		{6489BE9F-AF33-6E23-5263-BEF9517B115D}.Release|Any CPU.ActiveCfg = Release|Any CPU
		{6489BE9F-AF33-6E23-5263-BEF9517B115D}.Release|Any CPU.Build.0 = Release|Any CPU
		{39566699-0722-69D3-952E-7DEF291A0236}.Debug|Any CPU.ActiveCfg = Debug|Any CPU
		{39566699-0722-69D3-952E-7DEF291A0236}.Debug|Any CPU.Build.0 = Debug|Any CPU
		{39566699-0722-69D3-952E-7DEF291A0236}.Release|Any CPU.ActiveCfg = Release|Any CPU
		{39566699-0722-69D3-952E-7DEF291A0236}.Release|Any CPU.Build.0 = Release|Any CPU
		{1D07E781-010E-4B9F-FDE1-4E3F68DF95FD}.Debug|Any CPU.ActiveCfg = Debug|Any CPU
		{1D07E781-010E-4B9F-FDE1-4E3F68DF95FD}.Debug|Any CPU.Build.0 = Debug|Any CPU
		{1D07E781-010E-4B9F-FDE1-4E3F68DF95FD}.Release|Any CPU.ActiveCfg = Release|Any CPU
		{1D07E781-010E-4B9F-FDE1-4E3F68DF95FD}.Release|Any CPU.Build.0 = Release|Any CPU
		{D5148967-8E1D-17A0-651C-F8C7E3791486}.Debug|Any CPU.ActiveCfg = Debug|Any CPU
		{D5148967-8E1D-17A0-651C-F8C7E3791486}.Debug|Any CPU.Build.0 = Debug|Any CPU
		{D5148967-8E1D-17A0-651C-F8C7E3791486}.Release|Any CPU.ActiveCfg = Release|Any CPU
		{D5148967-8E1D-17A0-651C-F8C7E3791486}.Release|Any CPU.Build.0 = Release|Any CPU
		{0EBF6465-B433-D866-D23D-FB778C77D959}.Debug|Any CPU.ActiveCfg = Debug|Any CPU
		{0EBF6465-B433-D866-D23D-FB778C77D959}.Debug|Any CPU.Build.0 = Debug|Any CPU
		{0EBF6465-B433-D866-D23D-FB778C77D959}.Release|Any CPU.ActiveCfg = Release|Any CPU
		{0EBF6465-B433-D866-D23D-FB778C77D959}.Release|Any CPU.Build.0 = Release|Any CPU
	EndGlobalSection
	GlobalSection(SolutionProperties) = preSolution
		HideSolutionNode = FALSE
	EndGlobalSection
								GlobalSection(MonoDevelopProperties) = preSolution
		StartupItem = Assembly-CSharp.csproj
		Policies = $0
		$0.TextStylePolicy = $1
		$1.inheritsSet = null
		$1.scope = text/x-csharp
		$0.CSharpFormattingPolicy = $2
		$2.inheritsSet = Mono
		$2.inheritsScope = text/x-csharp
		$2.scope = text/x-csharp
		$0.TextStylePolicy = $3
		$3.FileWidth = 120
		$3.TabWidth = 4
		$3.IndentWidth = 4
		$3.EolMarker = Unix
		$3.inheritsSet = Mono
		$3.inheritsScope = text/plain
		$3.scope = text/plain
	EndGlobalSection

EndGlobal
