Microsoft Visual Studio Solution File, Format Version 11.00
# Visual Studio 2008

Project("{679799EB-6F45-448D-53A5-670BAF78006D}") = "zomVR10:24", "Assembly-CSharp-firstpass.csproj", "{2736D602-2BFC-266C-18D9-CB2124C614CB}"
EndProject
Project("{679799EB-6F45-448D-53A5-670BAF78006D}") = "zomVR10:24", "Assembly-CSharp.csproj", "{103CB416-A75B-99C7-6601-3F74C8D6119A}"
EndProject
Project("{679799EB-6F45-448D-53A5-670BAF78006D}") = "zomVR10:24", "Assembly-CSharp-Editor-firstpass.csproj", "{D07D5813-4424-29EA-B470-CA85A7582213}"
EndProject
Project("{679799EB-6F45-448D-53A5-670BAF78006D}") = "zomVR10:24", "Assembly-CSharp-Editor.csproj", "{A55A8F60-9FF4-1C38-3065-8EFF5019D98F}"
EndProject
Global
	GlobalSection(SolutionConfigurationPlatforms) = preSolution
		Debug|Any CPU = Debug|Any CPU
		Release|Any CPU = Release|Any CPU
	EndGlobalSection
	GlobalSection(ProjectConfigurationPlatforms) = postSolution
		{2736D602-2BFC-266C-18D9-CB2124C614CB}.Debug|Any CPU.ActiveCfg = Debug|Any CPU
		{2736D602-2BFC-266C-18D9-CB2124C614CB}.Debug|Any CPU.Build.0 = Debug|Any CPU
		{2736D602-2BFC-266C-18D9-CB2124C614CB}.Release|Any CPU.ActiveCfg = Release|Any CPU
		{2736D602-2BFC-266C-18D9-CB2124C614CB}.Release|Any CPU.Build.0 = Release|Any CPU
		{103CB416-A75B-99C7-6601-3F74C8D6119A}.Debug|Any CPU.ActiveCfg = Debug|Any CPU
		{103CB416-A75B-99C7-6601-3F74C8D6119A}.Debug|Any CPU.Build.0 = Debug|Any CPU
		{103CB416-A75B-99C7-6601-3F74C8D6119A}.Release|Any CPU.ActiveCfg = Release|Any CPU
		{103CB416-A75B-99C7-6601-3F74C8D6119A}.Release|Any CPU.Build.0 = Release|Any CPU
		{D07D5813-4424-29EA-B470-CA85A7582213}.Debug|Any CPU.ActiveCfg = Debug|Any CPU
		{D07D5813-4424-29EA-B470-CA85A7582213}.Debug|Any CPU.Build.0 = Debug|Any CPU
		{D07D5813-4424-29EA-B470-CA85A7582213}.Release|Any CPU.ActiveCfg = Release|Any CPU
		{D07D5813-4424-29EA-B470-CA85A7582213}.Release|Any CPU.Build.0 = Release|Any CPU
		{A55A8F60-9FF4-1C38-3065-8EFF5019D98F}.Debug|Any CPU.ActiveCfg = Debug|Any CPU
		{A55A8F60-9FF4-1C38-3065-8EFF5019D98F}.Debug|Any CPU.Build.0 = Debug|Any CPU
		{A55A8F60-9FF4-1C38-3065-8EFF5019D98F}.Release|Any CPU.ActiveCfg = Release|Any CPU
		{A55A8F60-9FF4-1C38-3065-8EFF5019D98F}.Release|Any CPU.Build.0 = Release|Any CPU
	EndGlobalSection
	GlobalSection(SolutionProperties) = preSolution
		HideSolutionNode = FALSE
	EndGlobalSection
																														GlobalSection(MonoDevelopProperties) = preSolution
		StartupItem = Assembly-CSharp.csproj
		Policies = $0
		$0.TextStylePolicy = $1
		$1.inheritsSet = null
		$1.scope = text/x-csharp
		$0.CSharpFormattingPolicy = $2
		$2.inheritsSet = Mono
		$2.inheritsScope = text/x-csharp
		$2.scope = text/x-csharp
		$0.TextStylePolicy = $3
		$3.FileWidth = 120
		$3.TabWidth = 4
		$3.IndentWidth = 4
		$3.EolMarker = Unix
		$3.inheritsSet = Mono
		$3.inheritsScope = text/plain
		$3.scope = text/plain
	EndGlobalSection

EndGlobal
