Microsoft Visual Studio Solution File, Format Version 11.00
# Visual Studio 2008

Project("{EBAC7CA1-5261-497F-54E7-34B35F1F8DE9}") = "zomVR(10-23)", "Assembly-CSharp-firstpass-vs.csproj", "{3C50B301-E694-AF70-FE43-2339B06C9F9B}"
EndProject
Project("{EBAC7CA1-5261-497F-54E7-34B35F1F8DE9}") = "zomVR(10-23)", "Assembly-CSharp-vs.csproj", "{DC609EFD-C00A-3BED-7060-AC49EBDA9692}"
EndProject
Project("{EBAC7CA1-5261-497F-54E7-34B35F1F8DE9}") = "zomVR(10-23)", "Assembly-CSharp-Editor-firstpass-vs.csproj", "{A84C2452-4792-FA1F-9FBA-4B2B253BD157}"
EndProject
Project("{EBAC7CA1-5261-497F-54E7-34B35F1F8DE9}") = "zomVR(10-23)", "Assembly-CSharp-Editor-vs.csproj", "{D4270B38-B1A7-8450-3519-A116AA2E32B6}"
EndProject
Global
	GlobalSection(SolutionConfigurationPlatforms) = preSolution
		Debug|Any CPU = Debug|Any CPU
		Release|Any CPU = Release|Any CPU
	EndGlobalSection
	GlobalSection(ProjectConfigurationPlatforms) = postSolution
		{3C50B301-E694-AF70-FE43-2339B06C9F9B}.Debug|Any CPU.ActiveCfg = Debug|Any CPU
		{3C50B301-E694-AF70-FE43-2339B06C9F9B}.Debug|Any CPU.Build.0 = Debug|Any CPU
		{3C50B301-E694-AF70-FE43-2339B06C9F9B}.Release|Any CPU.ActiveCfg = Release|Any CPU
		{3C50B301-E694-AF70-FE43-2339B06C9F9B}.Release|Any CPU.Build.0 = Release|Any CPU
		{DC609EFD-C00A-3BED-7060-AC49EBDA9692}.Debug|Any CPU.ActiveCfg = Debug|Any CPU
		{DC609EFD-C00A-3BED-7060-AC49EBDA9692}.Debug|Any CPU.Build.0 = Debug|Any CPU
		{DC609EFD-C00A-3BED-7060-AC49EBDA9692}.Release|Any CPU.ActiveCfg = Release|Any CPU
		{DC609EFD-C00A-3BED-7060-AC49EBDA9692}.Release|Any CPU.Build.0 = Release|Any CPU
		{A84C2452-4792-FA1F-9FBA-4B2B253BD157}.Debug|Any CPU.ActiveCfg = Debug|Any CPU
		{A84C2452-4792-FA1F-9FBA-4B2B253BD157}.Debug|Any CPU.Build.0 = Debug|Any CPU
		{A84C2452-4792-FA1F-9FBA-4B2B253BD157}.Release|Any CPU.ActiveCfg = Release|Any CPU
		{A84C2452-4792-FA1F-9FBA-4B2B253BD157}.Release|Any CPU.Build.0 = Release|Any CPU
		{D4270B38-B1A7-8450-3519-A116AA2E32B6}.Debug|Any CPU.ActiveCfg = Debug|Any CPU
		{D4270B38-B1A7-8450-3519-A116AA2E32B6}.Debug|Any CPU.Build.0 = Debug|Any CPU
		{D4270B38-B1A7-8450-3519-A116AA2E32B6}.Release|Any CPU.ActiveCfg = Release|Any CPU
		{D4270B38-B1A7-8450-3519-A116AA2E32B6}.Release|Any CPU.Build.0 = Release|Any CPU
	EndGlobalSection
	GlobalSection(SolutionProperties) = preSolution
		HideSolutionNode = FALSE
	EndGlobalSection
																									GlobalSection(MonoDevelopProperties) = preSolution
		StartupItem = Assembly-CSharp.csproj
		Policies = $0
		$0.TextStylePolicy = $1
		$1.inheritsSet = null
		$1.scope = text/x-csharp
		$0.CSharpFormattingPolicy = $2
		$2.inheritsSet = Mono
		$2.inheritsScope = text/x-csharp
		$2.scope = text/x-csharp
		$0.TextStylePolicy = $3
		$3.FileWidth = 120
		$3.TabWidth = 4
		$3.IndentWidth = 4
		$3.EolMarker = Unix
		$3.inheritsSet = Mono
		$3.inheritsScope = text/plain
		$3.scope = text/plain
	EndGlobalSection

EndGlobal
