Microsoft Visual Studio Solution File, Format Version 11.00
# Visual Studio 2008

Project("{A42D821D-7D71-90C2-C5D3-9C805FF40CC9}") = "zomVRFinal", "Assembly-CSharp-firstpass.csproj", "{DC2C6603-48A0-99AA-FCB3-19C330F9853E}"
EndProject
Project("{A42D821D-7D71-90C2-C5D3-9C805FF40CC9}") = "zomVRFinal", "Assembly-CSharp.csproj", "{58B98B99-FEA5-21CD-E27D-8F465E1A0DE7}"
EndProject
Project("{A42D821D-7D71-90C2-C5D3-9C805FF40CC9}") = "zomVRFinal", "Assembly-CSharp-Editor-firstpass.csproj", "{57778D43-BDEA-1ED7-22FD-5AB25BFC38C9}"
EndProject
Project("{A42D821D-7D71-90C2-C5D3-9C805FF40CC9}") = "zomVRFinal", "Assembly-CSharp-Editor.csproj", "{89557E7A-899E-86CE-8394-20B0CE365C5C}"
EndProject
Project("{A42D821D-7D71-90C2-C5D3-9C805FF40CC9}") = "zomVRFinal", "Assembly-UnityScript-firstpass.unityproj", "{F176AD59-F4A1-D594-EDC8-F145129C952E}"
EndProject
Project("{A42D821D-7D71-90C2-C5D3-9C805FF40CC9}") = "zomVRFinal", "Assembly-UnityScript.unityproj", "{3E5E66EF-A5FB-591A-49DC-56291A03CDA4}"
EndProject
Project("{A42D821D-7D71-90C2-C5D3-9C805FF40CC9}") = "zomVRFinal", "Assembly-UnityScript-Editor-firstpass.unityproj", "{482D8D80-5272-B61A-B77D-E0C1E98460BA}"
EndProject
Global
	GlobalSection(SolutionConfigurationPlatforms) = preSolution
		Debug|Any CPU = Debug|Any CPU
		Release|Any CPU = Release|Any CPU
	EndGlobalSection
	GlobalSection(ProjectConfigurationPlatforms) = postSolution
		{DC2C6603-48A0-99AA-FCB3-19C330F9853E}.Debug|Any CPU.ActiveCfg = Debug|Any CPU
		{DC2C6603-48A0-99AA-FCB3-19C330F9853E}.Debug|Any CPU.Build.0 = Debug|Any CPU
		{DC2C6603-48A0-99AA-FCB3-19C330F9853E}.Release|Any CPU.ActiveCfg = Release|Any CPU
		{DC2C6603-48A0-99AA-FCB3-19C330F9853E}.Release|Any CPU.Build.0 = Release|Any CPU
		{58B98B99-FEA5-21CD-E27D-8F465E1A0DE7}.Debug|Any CPU.ActiveCfg = Debug|Any CPU
		{58B98B99-FEA5-21CD-E27D-8F465E1A0DE7}.Debug|Any CPU.Build.0 = Debug|Any CPU
		{58B98B99-FEA5-21CD-E27D-8F465E1A0DE7}.Release|Any CPU.ActiveCfg = Release|Any CPU
		{58B98B99-FEA5-21CD-E27D-8F465E1A0DE7}.Release|Any CPU.Build.0 = Release|Any CPU
		{57778D43-BDEA-1ED7-22FD-5AB25BFC38C9}.Debug|Any CPU.ActiveCfg = Debug|Any CPU
		{57778D43-BDEA-1ED7-22FD-5AB25BFC38C9}.Debug|Any CPU.Build.0 = Debug|Any CPU
		{57778D43-BDEA-1ED7-22FD-5AB25BFC38C9}.Release|Any CPU.ActiveCfg = Release|Any CPU
		{57778D43-BDEA-1ED7-22FD-5AB25BFC38C9}.Release|Any CPU.Build.0 = Release|Any CPU
		{89557E7A-899E-86CE-8394-20B0CE365C5C}.Debug|Any CPU.ActiveCfg = Debug|Any CPU
		{89557E7A-899E-86CE-8394-20B0CE365C5C}.Debug|Any CPU.Build.0 = Debug|Any CPU
		{89557E7A-899E-86CE-8394-20B0CE365C5C}.Release|Any CPU.ActiveCfg = Release|Any CPU
		{89557E7A-899E-86CE-8394-20B0CE365C5C}.Release|Any CPU.Build.0 = Release|Any CPU
		{F176AD59-F4A1-D594-EDC8-F145129C952E}.Debug|Any CPU.ActiveCfg = Debug|Any CPU
		{F176AD59-F4A1-D594-EDC8-F145129C952E}.Debug|Any CPU.Build.0 = Debug|Any CPU
		{F176AD59-F4A1-D594-EDC8-F145129C952E}.Release|Any CPU.ActiveCfg = Release|Any CPU
		{F176AD59-F4A1-D594-EDC8-F145129C952E}.Release|Any CPU.Build.0 = Release|Any CPU
		{3E5E66EF-A5FB-591A-49DC-56291A03CDA4}.Debug|Any CPU.ActiveCfg = Debug|Any CPU
		{3E5E66EF-A5FB-591A-49DC-56291A03CDA4}.Debug|Any CPU.Build.0 = Debug|Any CPU
		{3E5E66EF-A5FB-591A-49DC-56291A03CDA4}.Release|Any CPU.ActiveCfg = Release|Any CPU
		{3E5E66EF-A5FB-591A-49DC-56291A03CDA4}.Release|Any CPU.Build.0 = Release|Any CPU
		{482D8D80-5272-B61A-B77D-E0C1E98460BA}.Debug|Any CPU.ActiveCfg = Debug|Any CPU
		{482D8D80-5272-B61A-B77D-E0C1E98460BA}.Debug|Any CPU.Build.0 = Debug|Any CPU
		{482D8D80-5272-B61A-B77D-E0C1E98460BA}.Release|Any CPU.ActiveCfg = Release|Any CPU
		{482D8D80-5272-B61A-B77D-E0C1E98460BA}.Release|Any CPU.Build.0 = Release|Any CPU
	EndGlobalSection
	GlobalSection(SolutionProperties) = preSolution
		HideSolutionNode = FALSE
	EndGlobalSection
																																		GlobalSection(MonoDevelopProperties) = preSolution
		StartupItem = Assembly-CSharp.csproj
		Policies = $0
		$0.TextStylePolicy = $1
		$1.inheritsSet = null
		$1.scope = text/x-csharp
		$0.CSharpFormattingPolicy = $2
		$2.inheritsSet = Mono
		$2.inheritsScope = text/x-csharp
		$2.scope = text/x-csharp
		$0.TextStylePolicy = $3
		$3.FileWidth = 120
		$3.TabWidth = 4
		$3.IndentWidth = 4
		$3.EolMarker = Unix
		$3.inheritsSet = Mono
		$3.inheritsScope = text/plain
		$3.scope = text/plain
	EndGlobalSection

EndGlobal
